
Microsoft Visual Studio Solution File, Format Version 12.00
# Visual Studio Version 17
VisualStudioVersion = 17.5.33414.496
MinimumVisualStudioVersion = 10.0.40219.1
Project("{FAE04EC0-301F-11D3-BF4B-00C04F79EFBC}") = "MP12", "MP12\MP12.csproj", "{B4156424-B4AA-4496-AED2-F623B1657754}"
EndProject
Global
	GlobalSection(SolutionConfigurationPlatforms) = preSolution
		Debug|Any CPU = Debug|Any CPU
		Release|Any CPU = Release|Any CPU
	EndGlobalSection
	GlobalSection(ProjectConfigurationPlatforms) = postSolution
		{B4156424-B4AA-4496-AED2-F623B1657754}.Debug|Any CPU.ActiveCfg = Debug|Any CPU
		{B4156424-B4AA-4496-AED2-F623B1657754}.Debug|Any CPU.Build.0 = Debug|Any CPU
		{B4156424-B4AA-4496-AED2-F623B1657754}.Release|Any CPU.ActiveCfg = Release|Any CPU
		{B4156424-B4AA-4496-AED2-F623B1657754}.Release|Any CPU.Build.0 = Release|Any CPU
	EndGlobalSection
	GlobalSection(SolutionProperties) = preSolution
		HideSolutionNode = FALSE
	EndGlobalSection
	GlobalSection(ExtensibilityGlobals) = postSolution
		SolutionGuid = {B1524DA8-EB3F-4622-A3D1-EC1F1FA70FD9}
	EndGlobalSection
EndGlobal
